
Microsoft Visual Studio Solution File, Format Version 12.00
# Visual Studio Version 17
VisualStudioVersion = 17.3.32922.545
MinimumVisualStudioVersion = 10.0.40219.1
Project("{FAE04EC0-301F-11D3-BF4B-00C04F79EFBC}") = "Bendrabutis", "Bendrabutis\Bendrabutis.csproj", "{4880042F-9534-49E3-AFF5-C6CCB179409E}"
EndProject
Global
	GlobalSection(SolutionConfigurationPlatforms) = preSolution
		Debug|Any CPU = Debug|Any CPU
		Release|Any CPU = Release|Any CPU
	EndGlobalSection
	GlobalSection(ProjectConfigurationPlatforms) = postSolution
		{4880042F-9534-49E3-AFF5-C6CCB179409E}.Debug|Any CPU.ActiveCfg = Debug|Any CPU
		{4880042F-9534-49E3-AFF5-C6CCB179409E}.Debug|Any CPU.Build.0 = Debug|Any CPU
		{4880042F-9534-49E3-AFF5-C6CCB179409E}.Release|Any CPU.ActiveCfg = Release|Any CPU
		{4880042F-9534-49E3-AFF5-C6CCB179409E}.Release|Any CPU.Build.0 = Release|Any CPU
	EndGlobalSection
	GlobalSection(SolutionProperties) = preSolution
		HideSolutionNode = FALSE
	EndGlobalSection
	GlobalSection(ExtensibilityGlobals) = postSolution
		SolutionGuid = {A4D43666-2C1D-4B41-8367-A1656E74461F}
	EndGlobalSection
EndGlobal
